
Microsoft Visual Studio Solution File, Format Version 12.00
# Visual Studio 2013
VisualStudioVersion = 12.0.31101.0
MinimumVisualStudioVersion = 10.0.40219.1
Project("{2150E333-8FDC-42A3-9474-1A3956D46DE8}") = "ReferenceDll", "ReferenceDll", "{8C711CDF-EB63-4DD5-90A9-CA62ED4CC483}"
	ProjectSection(SolutionItems) = preProject
		References\FxCommon.dll = References\FxCommon.dll
		References\FxCommon.xml = References\FxCommon.xml
		ReferenceDll\Readme.txt = ReferenceDll\Readme.txt
		References\Redis.dll = References\Redis.dll
		References\Redis.xml = References\Redis.xml
	EndProjectSection
EndProject
Project("{FAE04EC0-301F-11D3-BF4B-00C04F79EFBC}") = "RedisDemo", "RedisDemo\RedisDemo.csproj", "{A45C11D5-2C9F-4697-B571-6FBEFE421901}"
EndProject
Global
	GlobalSection(SolutionConfigurationPlatforms) = preSolution
		Debug|Any CPU = Debug|Any CPU
		Release|Any CPU = Release|Any CPU
	EndGlobalSection
	GlobalSection(ProjectConfigurationPlatforms) = postSolution
		{A45C11D5-2C9F-4697-B571-6FBEFE421901}.Debug|Any CPU.ActiveCfg = Debug|Any CPU
		{A45C11D5-2C9F-4697-B571-6FBEFE421901}.Debug|Any CPU.Build.0 = Debug|Any CPU
		{A45C11D5-2C9F-4697-B571-6FBEFE421901}.Release|Any CPU.ActiveCfg = Release|Any CPU
		{A45C11D5-2C9F-4697-B571-6FBEFE421901}.Release|Any CPU.Build.0 = Release|Any CPU
	EndGlobalSection
	GlobalSection(SolutionProperties) = preSolution
		HideSolutionNode = FALSE
	EndGlobalSection
	GlobalSection(ExtensibilityGlobals) = postSolution
		VisualSVNWorkingCopyRoot = .
	EndGlobalSection
EndGlobal
